
Microsoft Visual Studio Solution File, Format Version 12.00
# Visual Studio Version 17
VisualStudioVersion = 17.0.31903.59
MinimumVisualStudioVersion = 10.0.40219.1
Project("{2150E333-8FDC-42A3-9474-1A3956D46DE8}") = "src", "src", "{827E0CD3-B72D-47B6-A68D-7590B98EB39B}"
EndProject
Project("{FAE04EC0-301F-11D3-BF4B-00C04F79EFBC}") = "TTRPGConverter.Core", "src\TTRPGConverter.Core\TTRPGConverter.Core.csproj", "{1FBAAE1A-53EB-4072-8354-65577CD0D301}"
EndProject
Project("{FAE04EC0-301F-11D3-BF4B-00C04F79EFBC}") = "TTRPGConverter.Processing", "src\TTRPGConverter.Processing\TTRPGConverter.Processing.csproj", "{84AC0FC5-B005-4F2C-B16C-8C32054DCDA0}"
EndProject
Project("{FAE04EC0-301F-11D3-BF4B-00C04F79EFBC}") = "TTRPGConverter.CLI", "src\TTRPGConverter.CLI\TTRPGConverter.CLI.csproj", "{3BECC427-827A-42D1-B8F5-9D50DAF17A22}"
EndProject
Project("{FAE04EC0-301F-11D3-BF4B-00C04F79EFBC}") = "TTRPGConverter.GUI", "src\TTRPGConverter.GUI\TTRPGConverter.GUI.csproj", "{790FFE5C-B582-44A9-B901-9147401F3DBE}"
EndProject
Project("{2150E333-8FDC-42A3-9474-1A3956D46DE8}") = "tests", "tests", "{0AB3BF05-4346-4AA6-1389-037BE0695223}"
EndProject
Project("{FAE04EC0-301F-11D3-BF4B-00C04F79EFBC}") = "TTRPGConverter.Core.Tests", "tests\TTRPGConverter.Core.Tests\TTRPGConverter.Core.Tests.csproj", "{C205D1CE-F899-46BB-A33A-DBFE930306EA}"
EndProject
Project("{FAE04EC0-301F-11D3-BF4B-00C04F79EFBC}") = "TTRPGConverter.Processing.Tests", "tests\TTRPGConverter.Processing.Tests\TTRPGConverter.Processing.Tests.csproj", "{5CA4A6FF-09FC-4D3D-A215-5FA4C665C403}"
EndProject
Project("{FAE04EC0-301F-11D3-BF4B-00C04F79EFBC}") = "TTRPGConverter.Infrastructure", "src\TTRPGConverter.Infrastructure\TTRPGConverter.Infrastructure.csproj", "{E2173474-C1DF-4B4E-944E-A02EF0704321}"
EndProject
Global
	GlobalSection(SolutionConfigurationPlatforms) = preSolution
		Debug|Any CPU = Debug|Any CPU
		Debug|x64 = Debug|x64
		Debug|x86 = Debug|x86
		Release|Any CPU = Release|Any CPU
		Release|x64 = Release|x64
		Release|x86 = Release|x86
	EndGlobalSection
	GlobalSection(ProjectConfigurationPlatforms) = postSolution
		{1FBAAE1A-53EB-4072-8354-65577CD0D301}.Debug|Any CPU.ActiveCfg = Debug|Any CPU
		{1FBAAE1A-53EB-4072-8354-65577CD0D301}.Debug|Any CPU.Build.0 = Debug|Any CPU
		{1FBAAE1A-53EB-4072-8354-65577CD0D301}.Debug|x64.ActiveCfg = Debug|Any CPU
		{1FBAAE1A-53EB-4072-8354-65577CD0D301}.Debug|x64.Build.0 = Debug|Any CPU
		{1FBAAE1A-53EB-4072-8354-65577CD0D301}.Debug|x86.ActiveCfg = Debug|Any CPU
		{1FBAAE1A-53EB-4072-8354-65577CD0D301}.Debug|x86.Build.0 = Debug|Any CPU
		{1FBAAE1A-53EB-4072-8354-65577CD0D301}.Release|Any CPU.ActiveCfg = Release|Any CPU
		{1FBAAE1A-53EB-4072-8354-65577CD0D301}.Release|Any CPU.Build.0 = Release|Any CPU
		{1FBAAE1A-53EB-4072-8354-65577CD0D301}.Release|x64.ActiveCfg = Release|Any CPU
		{1FBAAE1A-53EB-4072-8354-65577CD0D301}.Release|x64.Build.0 = Release|Any CPU
		{1FBAAE1A-53EB-4072-8354-65577CD0D301}.Release|x86.ActiveCfg = Release|Any CPU
		{1FBAAE1A-53EB-4072-8354-65577CD0D301}.Release|x86.Build.0 = Release|Any CPU
		{84AC0FC5-B005-4F2C-B16C-8C32054DCDA0}.Debug|Any CPU.ActiveCfg = Debug|Any CPU
		{84AC0FC5-B005-4F2C-B16C-8C32054DCDA0}.Debug|Any CPU.Build.0 = Debug|Any CPU
		{84AC0FC5-B005-4F2C-B16C-8C32054DCDA0}.Debug|x64.ActiveCfg = Debug|Any CPU
		{84AC0FC5-B005-4F2C-B16C-8C32054DCDA0}.Debug|x64.Build.0 = Debug|Any CPU
		{84AC0FC5-B005-4F2C-B16C-8C32054DCDA0}.Debug|x86.ActiveCfg = Debug|Any CPU
		{84AC0FC5-B005-4F2C-B16C-8C32054DCDA0}.Debug|x86.Build.0 = Debug|Any CPU
		{84AC0FC5-B005-4F2C-B16C-8C32054DCDA0}.Release|Any CPU.ActiveCfg = Release|Any CPU
		{84AC0FC5-B005-4F2C-B16C-8C32054DCDA0}.Release|Any CPU.Build.0 = Release|Any CPU
		{84AC0FC5-B005-4F2C-B16C-8C32054DCDA0}.Release|x64.ActiveCfg = Release|Any CPU
		{84AC0FC5-B005-4F2C-B16C-8C32054DCDA0}.Release|x64.Build.0 = Release|Any CPU
		{84AC0FC5-B005-4F2C-B16C-8C32054DCDA0}.Release|x86.ActiveCfg = Release|Any CPU
		{84AC0FC5-B005-4F2C-B16C-8C32054DCDA0}.Release|x86.Build.0 = Release|Any CPU
		{3BECC427-827A-42D1-B8F5-9D50DAF17A22}.Debug|Any CPU.ActiveCfg = Debug|Any CPU
		{3BECC427-827A-42D1-B8F5-9D50DAF17A22}.Debug|Any CPU.Build.0 = Debug|Any CPU
		{3BECC427-827A-42D1-B8F5-9D50DAF17A22}.Debug|x64.ActiveCfg = Debug|Any CPU
		{3BECC427-827A-42D1-B8F5-9D50DAF17A22}.Debug|x64.Build.0 = Debug|Any CPU
		{3BECC427-827A-42D1-B8F5-9D50DAF17A22}.Debug|x86.ActiveCfg = Debug|Any CPU
		{3BECC427-827A-42D1-B8F5-9D50DAF17A22}.Debug|x86.Build.0 = Debug|Any CPU
		{3BECC427-827A-42D1-B8F5-9D50DAF17A22}.Release|Any CPU.ActiveCfg = Release|Any CPU
		{3BECC427-827A-42D1-B8F5-9D50DAF17A22}.Release|Any CPU.Build.0 = Release|Any CPU
		{3BECC427-827A-42D1-B8F5-9D50DAF17A22}.Release|x64.ActiveCfg = Release|Any CPU
		{3BECC427-827A-42D1-B8F5-9D50DAF17A22}.Release|x64.Build.0 = Release|Any CPU
		{3BECC427-827A-42D1-B8F5-9D50DAF17A22}.Release|x86.ActiveCfg = Release|Any CPU
		{3BECC427-827A-42D1-B8F5-9D50DAF17A22}.Release|x86.Build.0 = Release|Any CPU
		{790FFE5C-B582-44A9-B901-9147401F3DBE}.Debug|Any CPU.ActiveCfg = Debug|Any CPU
		{790FFE5C-B582-44A9-B901-9147401F3DBE}.Debug|Any CPU.Build.0 = Debug|Any CPU
		{790FFE5C-B582-44A9-B901-9147401F3DBE}.Debug|x64.ActiveCfg = Debug|Any CPU
		{790FFE5C-B582-44A9-B901-9147401F3DBE}.Debug|x64.Build.0 = Debug|Any CPU
		{790FFE5C-B582-44A9-B901-9147401F3DBE}.Debug|x86.ActiveCfg = Debug|Any CPU
		{790FFE5C-B582-44A9-B901-9147401F3DBE}.Debug|x86.Build.0 = Debug|Any CPU
		{790FFE5C-B582-44A9-B901-9147401F3DBE}.Release|Any CPU.ActiveCfg = Release|Any CPU
		{790FFE5C-B582-44A9-B901-9147401F3DBE}.Release|Any CPU.Build.0 = Release|Any CPU
		{790FFE5C-B582-44A9-B901-9147401F3DBE}.Release|x64.ActiveCfg = Release|Any CPU
		{790FFE5C-B582-44A9-B901-9147401F3DBE}.Release|x64.Build.0 = Release|Any CPU
		{790FFE5C-B582-44A9-B901-9147401F3DBE}.Release|x86.ActiveCfg = Release|Any CPU
		{790FFE5C-B582-44A9-B901-9147401F3DBE}.Release|x86.Build.0 = Release|Any CPU
		{C205D1CE-F899-46BB-A33A-DBFE930306EA}.Debug|Any CPU.ActiveCfg = Debug|Any CPU
		{C205D1CE-F899-46BB-A33A-DBFE930306EA}.Debug|Any CPU.Build.0 = Debug|Any CPU
		{C205D1CE-F899-46BB-A33A-DBFE930306EA}.Debug|x64.ActiveCfg = Debug|Any CPU
		{C205D1CE-F899-46BB-A33A-DBFE930306EA}.Debug|x64.Build.0 = Debug|Any CPU
		{C205D1CE-F899-46BB-A33A-DBFE930306EA}.Debug|x86.ActiveCfg = Debug|Any CPU
		{C205D1CE-F899-46BB-A33A-DBFE930306EA}.Debug|x86.Build.0 = Debug|Any CPU
		{C205D1CE-F899-46BB-A33A-DBFE930306EA}.Release|Any CPU.ActiveCfg = Release|Any CPU
		{C205D1CE-F899-46BB-A33A-DBFE930306EA}.Release|Any CPU.Build.0 = Release|Any CPU
		{C205D1CE-F899-46BB-A33A-DBFE930306EA}.Release|x64.ActiveCfg = Release|Any CPU
		{C205D1CE-F899-46BB-A33A-DBFE930306EA}.Release|x64.Build.0 = Release|Any CPU
		{C205D1CE-F899-46BB-A33A-DBFE930306EA}.Release|x86.ActiveCfg = Release|Any CPU
		{C205D1CE-F899-46BB-A33A-DBFE930306EA}.Release|x86.Build.0 = Release|Any CPU
		{5CA4A6FF-09FC-4D3D-A215-5FA4C665C403}.Debug|Any CPU.ActiveCfg = Debug|Any CPU
		{5CA4A6FF-09FC-4D3D-A215-5FA4C665C403}.Debug|Any CPU.Build.0 = Debug|Any CPU
		{5CA4A6FF-09FC-4D3D-A215-5FA4C665C403}.Debug|x64.ActiveCfg = Debug|Any CPU
		{5CA4A6FF-09FC-4D3D-A215-5FA4C665C403}.Debug|x64.Build.0 = Debug|Any CPU
		{5CA4A6FF-09FC-4D3D-A215-5FA4C665C403}.Debug|x86.ActiveCfg = Debug|Any CPU
		{5CA4A6FF-09FC-4D3D-A215-5FA4C665C403}.Debug|x86.Build.0 = Debug|Any CPU
		{5CA4A6FF-09FC-4D3D-A215-5FA4C665C403}.Release|Any CPU.ActiveCfg = Release|Any CPU
		{5CA4A6FF-09FC-4D3D-A215-5FA4C665C403}.Release|Any CPU.Build.0 = Release|Any CPU
		{5CA4A6FF-09FC-4D3D-A215-5FA4C665C403}.Release|x64.ActiveCfg = Release|Any CPU
		{5CA4A6FF-09FC-4D3D-A215-5FA4C665C403}.Release|x64.Build.0 = Release|Any CPU
		{5CA4A6FF-09FC-4D3D-A215-5FA4C665C403}.Release|x86.ActiveCfg = Release|Any CPU
		{5CA4A6FF-09FC-4D3D-A215-5FA4C665C403}.Release|x86.Build.0 = Release|Any CPU
		{E2173474-C1DF-4B4E-944E-A02EF0704321}.Debug|Any CPU.ActiveCfg = Debug|Any CPU
		{E2173474-C1DF-4B4E-944E-A02EF0704321}.Debug|Any CPU.Build.0 = Debug|Any CPU
		{E2173474-C1DF-4B4E-944E-A02EF0704321}.Debug|x64.ActiveCfg = Debug|Any CPU
		{E2173474-C1DF-4B4E-944E-A02EF0704321}.Debug|x64.Build.0 = Debug|Any CPU
		{E2173474-C1DF-4B4E-944E-A02EF0704321}.Debug|x86.ActiveCfg = Debug|Any CPU
		{E2173474-C1DF-4B4E-944E-A02EF0704321}.Debug|x86.Build.0 = Debug|Any CPU
		{E2173474-C1DF-4B4E-944E-A02EF0704321}.Release|Any CPU.ActiveCfg = Release|Any CPU
		{E2173474-C1DF-4B4E-944E-A02EF0704321}.Release|Any CPU.Build.0 = Release|Any CPU
		{E2173474-C1DF-4B4E-944E-A02EF0704321}.Release|x64.ActiveCfg = Release|Any CPU
		{E2173474-C1DF-4B4E-944E-A02EF0704321}.Release|x64.Build.0 = Release|Any CPU
		{E2173474-C1DF-4B4E-944E-A02EF0704321}.Release|x86.ActiveCfg = Release|Any CPU
		{E2173474-C1DF-4B4E-944E-A02EF0704321}.Release|x86.Build.0 = Release|Any CPU
	EndGlobalSection
	GlobalSection(SolutionProperties) = preSolution
		HideSolutionNode = FALSE
	EndGlobalSection
	GlobalSection(NestedProjects) = preSolution
		{1FBAAE1A-53EB-4072-8354-65577CD0D301} = {827E0CD3-B72D-47B6-A68D-7590B98EB39B}
		{84AC0FC5-B005-4F2C-B16C-8C32054DCDA0} = {827E0CD3-B72D-47B6-A68D-7590B98EB39B}
		{3BECC427-827A-42D1-B8F5-9D50DAF17A22} = {827E0CD3-B72D-47B6-A68D-7590B98EB39B}
		{790FFE5C-B582-44A9-B901-9147401F3DBE} = {827E0CD3-B72D-47B6-A68D-7590B98EB39B}
		{C205D1CE-F899-46BB-A33A-DBFE930306EA} = {0AB3BF05-4346-4AA6-1389-037BE0695223}
		{5CA4A6FF-09FC-4D3D-A215-5FA4C665C403} = {0AB3BF05-4346-4AA6-1389-037BE0695223}
		{E2173474-C1DF-4B4E-944E-A02EF0704321} = {827E0CD3-B72D-47B6-A68D-7590B98EB39B}
	EndGlobalSection
EndGlobal
